// !$*UTF8*$!
{
	archiveVersion = 1;
	classes = {
	};
	objectVersion = 46;
	objects = {

/* Begin PBXFileReference section */
		6ABA888C1AE2EA9D0074387D /* DynProgFloyds_word_highlights.doc */ = {isa = PBXFileReference; lastKnownFileType = file; path = DynProgFloyds_word_highlights.doc; sourceTree = "<group>"; };
		6ABA888D1AE2EA9D0074387D /* All Sources Shortest Path_ The Floyd-Warshall Algorithm _ Computer programming.pdf */ = {isa = PBXFileReference; lastKnownFileType = image.pdf; path = "All Sources Shortest Path_ The Floyd-Warshall Algorithm _ Computer programming.pdf"; sourceTree = "<group>"; };
		6ABA888E1AE2EA9D0074387D /* Ex4_Requirements_Floyd-Warshall.pdf */ = {isa = PBXFileReference; lastKnownFileType = image.pdf; path = "Ex4_Requirements_Floyd-Warshall.pdf"; sourceTree = "<group>"; };
		6ABA888F1AE2EA9D0074387D /* FloydWarshall.ppt */ = {isa = PBXFileReference; lastKnownFileType = file; path = FloydWarshall.ppt; sourceTree = "<group>"; };
		6ABA88901AE2EB360074387D /* TC1.txt */ = {isa = PBXFileReference; lastKnownFileType = text; path = TC1.txt; sourceTree = "<group>"; };
		6ABA88911AE2EBA80074387D /* OP1.txt */ = {isa = PBXFileReference; lastKnownFileType = text; path = OP1.txt; sourceTree = "<group>"; };
		6ABA88921AE2EC030074387D /* floyd_warshall.cpp */ = {isa = PBXFileReference; lastKnownFileType = sourcecode.cpp.cpp; path = floyd_warshall.cpp; sourceTree = "<group>"; };
		6ABA88931AE2EC030074387D /* floyd_warshall.h */ = {isa = PBXFileReference; lastKnownFileType = sourcecode.c.h; path = floyd_warshall.h; sourceTree = "<group>"; };
		6ABA88941AE2EC220074387D /* makefile */ = {isa = PBXFileReference; lastKnownFileType = sourcecode.make; path = makefile; sourceTree = "<group>"; usesTabs = 1; };
		6ABA88961AE2EC6F0074387D /* fwarshall_main.cpp */ = {isa = PBXFileReference; lastKnownFileType = sourcecode.cpp.cpp; path = fwarshall_main.cpp; sourceTree = "<group>"; };
/* End PBXFileReference section */

/* Begin PBXGroup section */
		6ABA88851AE2EA8F0074387D = {
			isa = PBXGroup;
			children = (
				6ABA888C1AE2EA9D0074387D /* DynProgFloyds_word_highlights.doc */,
				6ABA888D1AE2EA9D0074387D /* All Sources Shortest Path_ The Floyd-Warshall Algorithm _ Computer programming.pdf */,
				6ABA888E1AE2EA9D0074387D /* Ex4_Requirements_Floyd-Warshall.pdf */,
				6ABA88921AE2EC030074387D /* floyd_warshall.cpp */,
				6ABA88931AE2EC030074387D /* floyd_warshall.h */,
				6ABA88911AE2EBA80074387D /* OP1.txt */,
				6ABA88901AE2EB360074387D /* TC1.txt */,
				6ABA888F1AE2EA9D0074387D /* FloydWarshall.ppt */,
				6ABA88941AE2EC220074387D /* makefile */,
				6ABA88961AE2EC6F0074387D /* fwarshall_main.cpp */,
			);
			sourceTree = "<group>";
		};
/* End PBXGroup section */

/* Begin PBXProject section */
		6ABA88861AE2EA8F0074387D /* Project object */ = {
			isa = PBXProject;
			attributes = {
				LastUpgradeCheck = 0620;
			};
			buildConfigurationList = 6ABA88891AE2EA8F0074387D /* Build configuration list for PBXProject "Exercise4" */;
			compatibilityVersion = "Xcode 3.2";
			developmentRegion = English;
			hasScannedForEncodings = 0;
			knownRegions = (
				en,
			);
			mainGroup = 6ABA88851AE2EA8F0074387D;
			projectDirPath = "";
			projectRoot = "";
			targets = (
			);
		};
/* End PBXProject section */

/* Begin XCBuildConfiguration section */
		6ABA888A1AE2EA8F0074387D /* Debug */ = {
			isa = XCBuildConfiguration;
			buildSettings = {
			};
			name = Debug;
		};
		6ABA888B1AE2EA8F0074387D /* Release */ = {
			isa = XCBuildConfiguration;
			buildSettings = {
			};
			name = Release;
		};
/* End XCBuildConfiguration section */

/* Begin XCConfigurationList section */
		6ABA88891AE2EA8F0074387D /* Build configuration list for PBXProject "Exercise4" */ = {
			isa = XCConfigurationList;
			buildConfigurations = (
				6ABA888A1AE2EA8F0074387D /* Debug */,
				6ABA888B1AE2EA8F0074387D /* Release */,
			);
			defaultConfigurationIsVisible = 0;
			defaultConfigurationName = Release;
		};
/* End XCConfigurationList section */
	};
	rootObject = 6ABA88861AE2EA8F0074387D /* Project object */;
}
